
Microsoft Visual Studio Solution File, Format Version 12.00
# Visual Studio Version 17
VisualStudioVersion = 17.13.35825.156 d17.13
MinimumVisualStudioVersion = 10.0.40219.1
Project("{FAE04EC0-301F-11D3-BF4B-00C04F79EFBC}") = "EmployeePortal", "EmployeePortal\EmployeePortal.csproj", "{08058822-E0B0-4D55-8EA6-6D01D5B54F37}"
EndProject
Global
	GlobalSection(SolutionConfigurationPlatforms) = preSolution
		Debug|Any CPU = Debug|Any CPU
		Release|Any CPU = Release|Any CPU
	EndGlobalSection
	GlobalSection(ProjectConfigurationPlatforms) = postSolution
		{08058822-E0B0-4D55-8EA6-6D01D5B54F37}.Debug|Any CPU.ActiveCfg = Debug|Any CPU
		{08058822-E0B0-4D55-8EA6-6D01D5B54F37}.Debug|Any CPU.Build.0 = Debug|Any CPU
		{08058822-E0B0-4D55-8EA6-6D01D5B54F37}.Release|Any CPU.ActiveCfg = Release|Any CPU
		{08058822-E0B0-4D55-8EA6-6D01D5B54F37}.Release|Any CPU.Build.0 = Release|Any CPU
	EndGlobalSection
	GlobalSection(SolutionProperties) = preSolution
		HideSolutionNode = FALSE
	EndGlobalSection
	GlobalSection(ExtensibilityGlobals) = postSolution
		SolutionGuid = {973D4BB7-C88C-4235-BB36-1EA3EF31D766}
	EndGlobalSection
EndGlobal
